{
  "markbot": "77b433303ffc8ae88eeb0544a2e2ccbc5df03577c38c88dc3d229730d3d19acc",
  "markbotignore": "030a4e6e1b3b6b510514a7ae54576e2c2ef762d56236c6414ef634955d96a126",
  "index.html": "f43f7b1fc759e26f9d5dcbc1df4a14903ac3ccdecf8d74d5936b03b706bf2d92",
  "index-before-320.png": "5980da0dfdb4851ad43034057a2cbbc878a70d2877a713a9fdc053f95ed4545b",
  "index-before-980.png": "57939d2a393ee3ec360e401b21226ffd1c17b45851854016613ad493e3ce2781",
  "index-after-980.png": "cb2204903cfc275c95e3fa540ae2228894e44e0691eff06b845114211659dfe4"
}