{
  "markbot": "77b433303ffc8ae88eeb0544a2e2ccbc5df03577c38c88dc3d229730d3d19acc",
  "markbotignore": "030a4e6e1b3b6b510514a7ae54576e2c2ef762d56236c6414ef634955d96a126",
  "index.html": "f43f7b1fc759e26f9d5dcbc1df4a14903ac3ccdecf8d74d5936b03b706bf2d92",
  "index-before-320.png": "e3711c25e095ea4b860669bbae9645d62bb8bb3f63ab0448ebe8b287ae6945c4",
  "index-before-980.png": "f9797d8fe10e010c10b3d3070d107b031a8db7eb633d34ab4e18e9a45b7e8315",
  "index-after-980.png": "6dea656ac9db196de25534cda1c2da0da56f3239ee5a563f5ebdc65161ab037e"
}