{
  "markbot": "83ea3e288a682e3e9121b30af8ab046c5bd5f43cf565ce65a37de3d0de4d3a7d",
  "index.html": "f43f7b1fc759e26f9d5dcbc1df4a14903ac3ccdecf8d74d5936b03b706bf2d92",
  "index-320.png": "30abf26a163657a56ae6c062de00700b1c4282d46cdadbd677ff60eab8f59996",
  "index-980.png": "296b1551cb603898d8d206e3ece049406be7255ada9833d7d36ef2b913955026"
}